hash: afe65283768a93095776258feaa96817fe496b81b1867965871385a81730d256
updated: 2016-08-19T23:49:15.19448112-04:00
imports:
- name: github.com/armon/consul-api
  version: 49db083e3389af1103a8c5737c3f6fb7cccd4d99
- name: github.com/BurntSushi/toml
  version: ""
- name: github.com/coreos/go-etcd
  version: ""
  subpackages:
  - etcd
- name: github.com/cpuguy83/go-md2man
  version: ""
  subpackages:
  - md2man
- name: github.com/elazarl/go-bindata-assetfs
  version: ""
  repo: https://github.com/elazarl/go-bindata-assetfs
- name: github.com/fsnotify/fsnotify
  version: ""
- name: github.com/hashicorp/hcl
  version: 49db083e3389af1103a8c5737c3f6fb7cccd4d99
- name: github.com/inconshreveable/mousetrap
  version: 76626ae9c91c4f2a10f34cad8ce83ea42c93bb75
- name: github.com/itsjamie/go-bindata-templates
  version: ""
  repo: https://github.com/itsjamie/go-bindata-templates
- name: github.com/kr/fs
  version: 49db083e3389af1103a8c5737c3f6fb7cccd4d99
- name: github.com/labstack/gommon
  version: ""
  repo: https://github.com/labstack/gommon
  subpackages:
  - color
  - log
- name: github.com/lib/pq
  version: ""
  repo: https://github.com/lib/pq
  subpackages:
  - oid
- name: github.com/magiconair/properties
  version: ""
- name: github.com/mattn/go-colorable
  version: ""
  repo: https://github.com/mattn/go-colorable
- name: github.com/mattn/go-isatty
  version: ""
  repo: https://github.com/mattn/go-isatty
- name: github.com/mattn/go-runewidth
  version: ""
  repo: https://github.com/mattn/go-runewidth
- name: github.com/mitchellh/mapstructure
  version: 49db083e3389af1103a8c5737c3f6fb7cccd4d99
- name: github.com/moul/http2curl
  version: ""
  repo: https://github.com/moul/http2curl
- name: github.com/nu7hatch/gouuid
  version: ""
  repo: https://github.com/nu7hatch/gouuid
- name: github.com/olebedev/config
  version: ""
  repo: https://github.com/olebedev/config
- name: github.com/olekukonko/tablewriter
  version: ""
  repo: https://github.com/olekukonko/tablewriter
- name: github.com/parnurzeal/gorequest
  version: ""
  repo: https://github.com/parnurzeal/gorequest
- name: github.com/pkg/errors
  version: ""
- name: github.com/pkg/sftp
  version: 49db083e3389af1103a8c5737c3f6fb7cccd4d99
- name: github.com/russross/blackfriday
  version: ""
- name: github.com/shurcooL/sanitized_anchor_name
  version: 49db083e3389af1103a8c5737c3f6fb7cccd4d99
- name: github.com/spf13/afero
  version: 49db083e3389af1103a8c5737c3f6fb7cccd4d99
- name: github.com/spf13/cast
  version: 49db083e3389af1103a8c5737c3f6fb7cccd4d99
- name: github.com/spf13/jwalterweatherman
  version: 49db083e3389af1103a8c5737c3f6fb7cccd4d99
- name: github.com/spf13/pflag
  version: 49db083e3389af1103a8c5737c3f6fb7cccd4d99
- name: github.com/spf13/viper
  version: 49db083e3389af1103a8c5737c3f6fb7cccd4d99
- name: github.com/urfave/cli
  version: ""
  repo: https://github.com/urfave/cli
- name: github.com/valyala/fasttemplate
  version: ""
  repo: https://github.com/valyala/fasttemplate
- name: github.com/xordataexchange/crypt
  version: 49db083e3389af1103a8c5737c3f6fb7cccd4d99
  subpackages:
  - config
- name: golang.org/x/crypto
  version: 49db083e3389af1103a8c5737c3f6fb7cccd4d99
  subpackages:
  - ssh/terminal
  - openpgp
- name: golang.org/x/net
  version: ""
  repo: https://go.googlesource.com/net
  subpackages:
  - context
  - publicsuffix
  - websocket
  - http2
- name: golang.org/x/sys
  version: 49db083e3389af1103a8c5737c3f6fb7cccd4d99
  subpackages:
  - unix
- name: golang.org/x/text
  version: 49db083e3389af1103a8c5737c3f6fb7cccd4d99
  subpackages:
  - transform
  - encoding/htmlindex
- name: gopkg.in/labstack/echo.v1
  version: ""
  repo: https://gopkg.in/labstack/echo.v1
  subpackages:
  - middleware
- name: gopkg.in/yaml.v2
  version: ""
  repo: https://gopkg.in/yaml.v2
testImports: []
