hash: 598a27b210e3b1998349b1da277b8a1cec7e4ec44793d99b0315d080a40f7479
updated: 2016-08-19T23:12:45.424507089-04:00
imports:
- name: github.com/armon/consul-api
  version: dcfedd50ed5334f96adee43fc88518a4f095e15c
- name: github.com/BurntSushi/toml
  version: bbd5bb678321a0d6e58f1099321dfa73391c1b6f
- name: github.com/coreos/go-etcd
  version: f02171fbd43c7b9b53ce8679b03235a1ef3c7b12
  subpackages:
  - etcd
- name: github.com/cpuguy83/go-md2man
  version: 2724a9c9051aa62e9cca11304e7dd518e9e41599
  subpackages:
  - md2man
- name: github.com/elazarl/go-bindata-assetfs
  version: 57eb5e1fc594ad4b0b1dbea7b286d299e0cb43c2
  repo: https://github.com/elazarl/go-bindata-assetfs
- name: github.com/fsnotify/fsnotify
  version: a8a77c9133d2d6fd8334f3260d06f60e8d80a5fb
- name: github.com/hashicorp/hcl
  version: d8c773c4cba11b11539e3d45f93daeaa5dcf1fa1
- name: github.com/itsjamie/go-bindata-templates
  version: 65d795d0c74021e19b2ebadf3c83c01a8290a405
  repo: https://github.com/itsjamie/go-bindata-templates
- name: github.com/kr/fs
  version: 2788f0dbd16903de03cb8186e5c7d97b69ad387b
- name: github.com/labstack/gommon
  version: 722aa12d41c236ce78ff48eac1cafe0107ecdc9d
  repo: https://github.com/labstack/gommon
  subpackages:
  - color
  - log
- name: github.com/lib/pq
  version: ee1442bda7bd1b6a84e913bdb421cb1874ec629d
  repo: https://github.com/lib/pq
  subpackages:
  - oid
- name: github.com/magiconair/properties
  version: c265cfa48dda6474e208715ca93e987829f572f8
- name: github.com/mattn/go-colorable
  version: 9056b7a9f2d1f2d96498d6d146acd1f9d5ed3d59
  repo: https://github.com/mattn/go-colorable
- name: github.com/mattn/go-isatty
  version: 56b76bdf51f7708750eac80fa38b952bb9f32639
  repo: https://github.com/mattn/go-isatty
- name: github.com/mattn/go-runewidth
  version: d6bea18f789704b5f83375793155289da36a3c7f
  repo: https://github.com/mattn/go-runewidth
- name: github.com/mitchellh/mapstructure
  version: ca63d7c062ee3c9f34db231e352b60012b4fd0c1
- name: github.com/moul/http2curl
  version: b1479103caacaa39319f75e7f57fc545287fca0d
  repo: https://github.com/moul/http2curl
- name: github.com/nu7hatch/gouuid
  version: 179d4d0c4d8d407a32af483c2354df1d2c91e6c3
  repo: https://github.com/nu7hatch/gouuid
- name: github.com/olebedev/config
  version: dd1049a3738432dfc49417e2ae5bd97e132ecac6
  repo: https://github.com/olebedev/config
- name: github.com/olekukonko/tablewriter
  version: 279fecc91ba77130f753d073259d7f9e246acdda
  repo: https://github.com/olekukonko/tablewriter
- name: github.com/parnurzeal/gorequest
  version: 6e8ad4ebdee4bec2934ed5afaaa1c7b877832a17
  repo: https://github.com/parnurzeal/gorequest
- name: github.com/pkg/errors
  version: 01fa4104b9c248c8945d14d9f128454d5b28d595
- name: github.com/pkg/sftp
  version: a71e8f580e3b622ebff585309160b1cc549ef4d2
- name: github.com/russross/blackfriday
  version: 0b647d0506a698cca42caca173e55559b12a69f2
- name: github.com/shurcooL/sanitized_anchor_name
  version: 10ef21a441db47d8b13ebcc5fd2310f636973c77
- name: github.com/spf13/afero
  version: b28a7effac979219c2a2ed6205a4d70e4b1bcd02
- name: github.com/spf13/cast
  version: e31f36ffc91a2ba9ddb72a4b6a607ff9b3d3cb63
- name: github.com/spf13/jwalterweatherman
  version: 33c24e77fb80341fe7130ee7c594256ff08ccc46
- name: github.com/spf13/pflag
  version: 6454a84b6da0ea8b628d5d8a26759f62c6c161b4
- name: github.com/spf13/viper
  version: 654fc7bb54d0c138ef80405ff577391f79c0c32d
- name: github.com/urfave/cli
  version: 1efa31f08b9333f1bd4882d61f9d668a70cd902e
  repo: https://github.com/urfave/cli
- name: github.com/valyala/fasttemplate
  version: 3b874956e03f1636d171bda64b130f9135f42cff
  repo: https://github.com/valyala/fasttemplate
- name: github.com/xordataexchange/crypt
  version: 749e360c8f236773f28fc6d3ddfce4a470795227
  subpackages:
  - config
- name: golang.org/x/crypto
  version: 88d0005bf4c3ec17306ecaca4281a8d8efd73e91
  subpackages:
  - ssh/terminal
  - openpgp
- name: golang.org/x/net
  version: 7864c9eef811cd4e2387a4d17eaf985e412b5032
  repo: https://go.googlesource.com/net
  subpackages:
  - context
  - publicsuffix
  - websocket
  - http2
- name: golang.org/x/sys
  version: a646d33e2ee3172a661fc09bca23bb4889a41bc8
  subpackages:
  - unix
- name: golang.org/x/text
  version: d69c40b4be55797923cec7457fac7a244d91a9b6
  subpackages:
  - transform
  - encoding/htmlindex
- name: gopkg.in/labstack/echo.v1
  version: 5789bde991cc5c41536e4fd82cc0107e7cd3d0eb
  repo: https://gopkg.in/labstack/echo.v1
  subpackages:
  - middleware
- name: gopkg.in/yaml.v2
  version: a83829b6f1293c91addabc89d0571c246397bbf4
  repo: https://gopkg.in/yaml.v2
testImports: []
